// !$*UTF8*$!
{
	archiveVersion = 1;
	classes = {
	};
	objectVersion = 56;
	objects = {

/* Begin PBXBuildFile section */
		81C9AA9B2A41BF6A00470C41 /* Framework3.docc in Sources */ = {isa = PBXBuildFile; fileRef = 81C9AA9A2A41BF6A00470C41 /* Framework3.docc */; };
		81C9AAA12A41BF6A00470C41 /* Framework3.framework in Frameworks */ = {isa = PBXBuildFile; fileRef = 81C9AA962A41BF6A00470C41 /* Framework3.framework */; };
		81C9AAA62A41BF6A00470C41 /* Framework3Tests.swift in Sources */ = {isa = PBXBuildFile; fileRef = 81C9AAA52A41BF6A00470C41 /* Framework3Tests.swift */; };
		81C9AAA72A41BF6A00470C41 /* Framework3.h in Headers */ = {isa = PBXBuildFile; fileRef = 81C9AA992A41BF6A00470C41 /* Framework3.h */; settings = {ATTRIBUTES = (Public, ); }; };
/* End PBXBuildFile section */

/* Begin PBXContainerItemProxy section */
		81C9AAA22A41BF6A00470C41 /* PBXContainerItemProxy */ = {
			isa = PBXContainerItemProxy;
			containerPortal = 81C9AA8D2A41BF6A00470C41 /* Project object */;
			proxyType = 1;
			remoteGlobalIDString = 81C9AA952A41BF6A00470C41;
			remoteInfo = Framework3;
		};
/* End PBXContainerItemProxy section */

/* Begin PBXFileReference section */
		81C9AA962A41BF6A00470C41 /* Framework3.framework */ = {isa = PBXFileReference; explicitFileType = wrapper.framework; includeInIndex = 0; path = Framework3.framework; sourceTree = BUILT_PRODUCTS_DIR; };
		81C9AA992A41BF6A00470C41 /* Framework3.h */ = {isa = PBXFileReference; lastKnownFileType = sourcecode.c.h; path = Framework3.h; sourceTree = "<group>"; };
		81C9AA9A2A41BF6A00470C41 /* Framework3.docc */ = {isa = PBXFileReference; lastKnownFileType = folder.documentationcatalog; path = Framework3.docc; sourceTree = "<group>"; };
		81C9AAA02A41BF6A00470C41 /* Framework3Tests.xctest */ = {isa = PBXFileReference; explicitFileType = wrapper.cfbundle; includeInIndex = 0; path = Framework3Tests.xctest; sourceTree = BUILT_PRODUCTS_DIR; };
		81C9AAA52A41BF6A00470C41 /* Framework3Tests.swift */ = {isa = PBXFileReference; lastKnownFileType = sourcecode.swift; path = Framework3Tests.swift; sourceTree = "<group>"; };
/* End PBXFileReference section */

/* Begin PBXFrameworksBuildPhase section */
		81C9AA932A41BF6A00470C41 /* Frameworks */ = {
			isa = PBXFrameworksBuildPhase;
			buildActionMask = 2147483647;
			files = (
			);
			runOnlyForDeploymentPostprocessing = 0;
		};
		81C9AA9D2A41BF6A00470C41 /* Frameworks */ = {
			isa = PBXFrameworksBuildPhase;
			buildActionMask = 2147483647;
			files = (
				81C9AAA12A41BF6A00470C41 /* Framework3.framework in Frameworks */,
			);
			runOnlyForDeploymentPostprocessing = 0;
		};
/* End PBXFrameworksBuildPhase section */

/* Begin PBXGroup section */
		81C9AA8C2A41BF6A00470C41 = {
			isa = PBXGroup;
			children = (
				81C9AA982A41BF6A00470C41 /* Framework3 */,
				81C9AAA42A41BF6A00470C41 /* Framework3Tests */,
				81C9AA972A41BF6A00470C41 /* Products */,
			);
			sourceTree = "<group>";
		};
		81C9AA972A41BF6A00470C41 /* Products */ = {
			isa = PBXGroup;
			children = (
				81C9AA962A41BF6A00470C41 /* Framework3.framework */,
				81C9AAA02A41BF6A00470C41 /* Framework3Tests.xctest */,
			);
			name = Products;
			sourceTree = "<group>";
		};
		81C9AA982A41BF6A00470C41 /* Framework3 */ = {
			isa = PBXGroup;
			children = (
				81C9AA992A41BF6A00470C41 /* Framework3.h */,
				81C9AA9A2A41BF6A00470C41 /* Framework3.docc */,
			);
			path = Framework3;
			sourceTree = "<group>";
		};
		81C9AAA42A41BF6A00470C41 /* Framework3Tests */ = {
			isa = PBXGroup;
			children = (
				81C9AAA52A41BF6A00470C41 /* Framework3Tests.swift */,
			);
			path = Framework3Tests;
			sourceTree = "<group>";
		};
/* End PBXGroup section */

/* Begin PBXHeadersBuildPhase section */
		81C9AA912A41BF6A00470C41 /* Headers */ = {
			isa = PBXHeadersBuildPhase;
			buildActionMask = 2147483647;
			files = (
				81C9AAA72A41BF6A00470C41 /* Framework3.h in Headers */,
			);
			runOnlyForDeploymentPostprocessing = 0;
		};
/* End PBXHeadersBuildPhase section */

/* Begin PBXNativeTarget section */
		81C9AA952A41BF6A00470C41 /* Framework3 */ = {
			isa = PBXNativeTarget;
			buildConfigurationList = 81C9AAAA2A41BF6A00470C41 /* Build configuration list for PBXNativeTarget "Framework3" */;
			buildPhases = (
				81C9AA912A41BF6A00470C41 /* Headers */,
				81C9AA922A41BF6A00470C41 /* Sources */,
				81C9AA932A41BF6A00470C41 /* Frameworks */,
				81C9AA942A41BF6A00470C41 /* Resources */,
			);
			buildRules = (
			);
			dependencies = (
			);
			name = Framework3;
			productName = Framework3;
			productReference = 81C9AA962A41BF6A00470C41 /* Framework3.framework */;
			productType = "com.apple.product-type.framework";
		};
		81C9AA9F2A41BF6A00470C41 /* Framework3Tests */ = {
			isa = PBXNativeTarget;
			buildConfigurationList = 81C9AAAD2A41BF6A00470C41 /* Build configuration list for PBXNativeTarget "Framework3Tests" */;
			buildPhases = (
				81C9AA9C2A41BF6A00470C41 /* Sources */,
				81C9AA9D2A41BF6A00470C41 /* Frameworks */,
				81C9AA9E2A41BF6A00470C41 /* Resources */,
			);
			buildRules = (
			);
			dependencies = (
				81C9AAA32A41BF6A00470C41 /* PBXTargetDependency */,
			);
			name = Framework3Tests;
			productName = Framework3Tests;
			productReference = 81C9AAA02A41BF6A00470C41 /* Framework3Tests.xctest */;
			productType = "com.apple.product-type.bundle.unit-test";
		};
/* End PBXNativeTarget section */

/* Begin PBXProject section */
		81C9AA8D2A41BF6A00470C41 /* Project object */ = {
			isa = PBXProject;
			attributes = {
				BuildIndependentTargetsInParallel = 1;
				LastSwiftUpdateCheck = 1410;
				LastUpgradeCheck = 1410;
				TargetAttributes = {
					81C9AA952A41BF6A00470C41 = {
						CreatedOnToolsVersion = 14.1;
					};
					81C9AA9F2A41BF6A00470C41 = {
						CreatedOnToolsVersion = 14.1;
					};
				};
			};
			buildConfigurationList = 81C9AA902A41BF6A00470C41 /* Build configuration list for PBXProject "Framework3" */;
			compatibilityVersion = "Xcode 14.0";
			developmentRegion = en;
			hasScannedForEncodings = 0;
			knownRegions = (
				en,
				Base,
			);
			mainGroup = 81C9AA8C2A41BF6A00470C41;
			productRefGroup = 81C9AA972A41BF6A00470C41 /* Products */;
			projectDirPath = "";
			projectRoot = "";
			targets = (
				81C9AA952A41BF6A00470C41 /* Framework3 */,
				81C9AA9F2A41BF6A00470C41 /* Framework3Tests */,
			);
		};
/* End PBXProject section */

/* Begin PBXResourcesBuildPhase section */
		81C9AA942A41BF6A00470C41 /* Resources */ = {
			isa = PBXResourcesBuildPhase;
			buildActionMask = 2147483647;
			files = (
			);
			runOnlyForDeploymentPostprocessing = 0;
		};
		81C9AA9E2A41BF6A00470C41 /* Resources */ = {
			isa = PBXResourcesBuildPhase;
			buildActionMask = 2147483647;
			files = (
			);
			runOnlyForDeploymentPostprocessing = 0;
		};
/* End PBXResourcesBuildPhase section */

/* Begin PBXSourcesBuildPhase section */
		81C9AA922A41BF6A00470C41 /* Sources */ = {
			isa = PBXSourcesBuildPhase;
			buildActionMask = 2147483647;
			files = (
				81C9AA9B2A41BF6A00470C41 /* Framework3.docc in Sources */,
			);
			runOnlyForDeploymentPostprocessing = 0;
		};
		81C9AA9C2A41BF6A00470C41 /* Sources */ = {
			isa = PBXSourcesBuildPhase;
			buildActionMask = 2147483647;
			files = (
				81C9AAA62A41BF6A00470C41 /* Framework3Tests.swift in Sources */,
			);
			runOnlyForDeploymentPostprocessing = 0;
		};
/* End PBXSourcesBuildPhase section */

/* Begin PBXTargetDependency section */
		81C9AAA32A41BF6A00470C41 /* PBXTargetDependency */ = {
			isa = PBXTargetDependency;
			target = 81C9AA952A41BF6A00470C41 /* Framework3 */;
			targetProxy = 81C9AAA22A41BF6A00470C41 /* PBXContainerItemProxy */;
		};
/* End PBXTargetDependency section */

/* Begin XCBuildConfiguration section */
		81C9AAA82A41BF6A00470C41 /* Debug */ = {
			isa = XCBuildConfiguration;
			buildSettings = {
				ALWAYS_SEARCH_USER_PATHS = NO;
				CLANG_ANALYZER_NONNULL = YES;
				CLANG_ANALYZER_NUMBER_OBJECT_CONVERSION = YES_AGGRESSIVE;
				CLANG_CXX_LANGUAGE_STANDARD = "gnu++20";
				CLANG_ENABLE_MODULES = YES;
				CLANG_ENABLE_OBJC_ARC = YES;
				CLANG_ENABLE_OBJC_WEAK = YES;
				CLANG_WARN_BLOCK_CAPTURE_AUTORELEASING = YES;
				CLANG_WARN_BOOL_CONVERSION = YES;
				CLANG_WARN_COMMA = YES;
				CLANG_WARN_CONSTANT_CONVERSION = YES;
				CLANG_WARN_DEPRECATED_OBJC_IMPLEMENTATIONS = YES;
				CLANG_WARN_DIRECT_OBJC_ISA_USAGE = YES_ERROR;
				CLANG_WARN_DOCUMENTATION_COMMENTS = YES;
				CLANG_WARN_EMPTY_BODY = YES;
				CLANG_WARN_ENUM_CONVERSION = YES;
				CLANG_WARN_INFINITE_RECURSION = YES;
				CLANG_WARN_INT_CONVERSION = YES;
				CLANG_WARN_NON_LITERAL_NULL_CONVERSION = YES;
				CLANG_WARN_OBJC_IMPLICIT_RETAIN_SELF = YES;
				CLANG_WARN_OBJC_LITERAL_CONVERSION = YES;
				CLANG_WARN_OBJC_ROOT_CLASS = YES_ERROR;
				CLANG_WARN_QUOTED_INCLUDE_IN_FRAMEWORK_HEADER = YES;
				CLANG_WARN_RANGE_LOOP_ANALYSIS = YES;
				CLANG_WARN_STRICT_PROTOTYPES = YES;
				CLANG_WARN_SUSPICIOUS_MOVE = YES;
				CLANG_WARN_UNGUARDED_AVAILABILITY = YES_AGGRESSIVE;
				CLANG_WARN_UNREACHABLE_CODE = YES;
				CLANG_WARN__DUPLICATE_METHOD_MATCH = YES;
				COPY_PHASE_STRIP = NO;
				CURRENT_PROJECT_VERSION = 1;
				DEBUG_INFORMATION_FORMAT = dwarf;
				ENABLE_STRICT_OBJC_MSGSEND = YES;
				ENABLE_TESTABILITY = YES;
				GCC_C_LANGUAGE_STANDARD = gnu11;
				GCC_DYNAMIC_NO_PIC = NO;
				GCC_NO_COMMON_BLOCKS = YES;
				GCC_OPTIMIZATION_LEVEL = 0;
				GCC_PREPROCESSOR_DEFINITIONS = (
					"DEBUG=1",
					"$(inherited)",
				);
				GCC_WARN_64_TO_32_BIT_CONVERSION = YES;
				GCC_WARN_ABOUT_RETURN_TYPE = YES_ERROR;
				GCC_WARN_UNDECLARED_SELECTOR = YES;
				GCC_WARN_UNINITIALIZED_AUTOS = YES_AGGRESSIVE;
				GCC_WARN_UNUSED_FUNCTION = YES;
				GCC_WARN_UNUSED_VARIABLE = YES;
				IPHONEOS_DEPLOYMENT_TARGET = 16.1;
				MTL_ENABLE_DEBUG_INFO = INCLUDE_SOURCE;
				MTL_FAST_MATH = YES;
				ONLY_ACTIVE_ARCH = YES;
				SDKROOT = iphoneos;
				SWIFT_ACTIVE_COMPILATION_CONDITIONS = DEBUG;
				SWIFT_OPTIMIZATION_LEVEL = "-Onone";
				VERSIONING_SYSTEM = "apple-generic";
				VERSION_INFO_PREFIX = "";
			};
			name = Debug;
		};
		81C9AAA92A41BF6A00470C41 /* Release */ = {
			isa = XCBuildConfiguration;
			buildSettings = {
				ALWAYS_SEARCH_USER_PATHS = NO;
				CLANG_ANALYZER_NONNULL = YES;
				CLANG_ANALYZER_NUMBER_OBJECT_CONVERSION = YES_AGGRESSIVE;
				CLANG_CXX_LANGUAGE_STANDARD = "gnu++20";
				CLANG_ENABLE_MODULES = YES;
				CLANG_ENABLE_OBJC_ARC = YES;
				CLANG_ENABLE_OBJC_WEAK = YES;
				CLANG_WARN_BLOCK_CAPTURE_AUTORELEASING = YES;
				CLANG_WARN_BOOL_CONVERSION = YES;
				CLANG_WARN_COMMA = YES;
				CLANG_WARN_CONSTANT_CONVERSION = YES;
				CLANG_WARN_DEPRECATED_OBJC_IMPLEMENTATIONS = YES;
				CLANG_WARN_DIRECT_OBJC_ISA_USAGE = YES_ERROR;
				CLANG_WARN_DOCUMENTATION_COMMENTS = YES;
				CLANG_WARN_EMPTY_BODY = YES;
				CLANG_WARN_ENUM_CONVERSION = YES;
				CLANG_WARN_INFINITE_RECURSION = YES;
				CLANG_WARN_INT_CONVERSION = YES;
				CLANG_WARN_NON_LITERAL_NULL_CONVERSION = YES;
				CLANG_WARN_OBJC_IMPLICIT_RETAIN_SELF = YES;
				CLANG_WARN_OBJC_LITERAL_CONVERSION = YES;
				CLANG_WARN_OBJC_ROOT_CLASS = YES_ERROR;
				CLANG_WARN_QUOTED_INCLUDE_IN_FRAMEWORK_HEADER = YES;
				CLANG_WARN_RANGE_LOOP_ANALYSIS = YES;
				CLANG_WARN_STRICT_PROTOTYPES = YES;
				CLANG_WARN_SUSPICIOUS_MOVE = YES;
				CLANG_WARN_UNGUARDED_AVAILABILITY = YES_AGGRESSIVE;
				CLANG_WARN_UNREACHABLE_CODE = YES;
				CLANG_WARN__DUPLICATE_METHOD_MATCH = YES;
				COPY_PHASE_STRIP = NO;
				CURRENT_PROJECT_VERSION = 1;
				DEBUG_INFORMATION_FORMAT = "dwarf-with-dsym";
				ENABLE_NS_ASSERTIONS = NO;
				ENABLE_STRICT_OBJC_MSGSEND = YES;
				GCC_C_LANGUAGE_STANDARD = gnu11;
				GCC_NO_COMMON_BLOCKS = YES;
				GCC_WARN_64_TO_32_BIT_CONVERSION = YES;
				GCC_WARN_ABOUT_RETURN_TYPE = YES_ERROR;
				GCC_WARN_UNDECLARED_SELECTOR = YES;
				GCC_WARN_UNINITIALIZED_AUTOS = YES_AGGRESSIVE;
				GCC_WARN_UNUSED_FUNCTION = YES;
				GCC_WARN_UNUSED_VARIABLE = YES;
				IPHONEOS_DEPLOYMENT_TARGET = 16.1;
				MTL_ENABLE_DEBUG_INFO = NO;
				MTL_FAST_MATH = YES;
				SDKROOT = iphoneos;
				SWIFT_COMPILATION_MODE = wholemodule;
				SWIFT_OPTIMIZATION_LEVEL = "-O";
				VALIDATE_PRODUCT = YES;
				VERSIONING_SYSTEM = "apple-generic";
				VERSION_INFO_PREFIX = "";
			};
			name = Release;
		};
		81C9AAAB2A41BF6A00470C41 /* Debug */ = {
			isa = XCBuildConfiguration;
			buildSettings = {
				CODE_SIGN_STYLE = Automatic;
				CURRENT_PROJECT_VERSION = 1;
				DEFINES_MODULE = YES;
				DYLIB_COMPATIBILITY_VERSION = 1;
				DYLIB_CURRENT_VERSION = 1;
				DYLIB_INSTALL_NAME_BASE = "@rpath";
				GENERATE_INFOPLIST_FILE = YES;
				INFOPLIST_KEY_NSHumanReadableCopyright = "";
				INSTALL_PATH = "$(LOCAL_LIBRARY_DIR)/Frameworks";
				LD_RUNPATH_SEARCH_PATHS = (
					"$(inherited)",
					"@executable_path/Frameworks",
					"@loader_path/Frameworks",
				);
				MARKETING_VERSION = 1.0;
				PRODUCT_BUNDLE_IDENTIFIER = practiceplayground.Framework3;
				PRODUCT_NAME = "$(TARGET_NAME:c99extidentifier)";
				SKIP_INSTALL = YES;
				SWIFT_EMIT_LOC_STRINGS = YES;
				SWIFT_VERSION = 5.0;
				TARGETED_DEVICE_FAMILY = "1,2";
			};
			name = Debug;
		};
		81C9AAAC2A41BF6A00470C41 /* Release */ = {
			isa = XCBuildConfiguration;
			buildSettings = {
				CODE_SIGN_STYLE = Automatic;
				CURRENT_PROJECT_VERSION = 1;
				DEFINES_MODULE = YES;
				DYLIB_COMPATIBILITY_VERSION = 1;
				DYLIB_CURRENT_VERSION = 1;
				DYLIB_INSTALL_NAME_BASE = "@rpath";
				GENERATE_INFOPLIST_FILE = YES;
				INFOPLIST_KEY_NSHumanReadableCopyright = "";
				INSTALL_PATH = "$(LOCAL_LIBRARY_DIR)/Frameworks";
				LD_RUNPATH_SEARCH_PATHS = (
					"$(inherited)",
					"@executable_path/Frameworks",
					"@loader_path/Frameworks",
				);
				MARKETING_VERSION = 1.0;
				PRODUCT_BUNDLE_IDENTIFIER = practiceplayground.Framework3;
				PRODUCT_NAME = "$(TARGET_NAME:c99extidentifier)";
				SKIP_INSTALL = YES;
				SWIFT_EMIT_LOC_STRINGS = YES;
				SWIFT_VERSION = 5.0;
				TARGETED_DEVICE_FAMILY = "1,2";
			};
			name = Release;
		};
		81C9AAAE2A41BF6A00470C41 /* Debug */ = {
			isa = XCBuildConfiguration;
			buildSettings = {
				CODE_SIGN_STYLE = Automatic;
				CURRENT_PROJECT_VERSION = 1;
				GENERATE_INFOPLIST_FILE = YES;
				MARKETING_VERSION = 1.0;
				PRODUCT_BUNDLE_IDENTIFIER = practiceplayground.Framework3Tests;
				PRODUCT_NAME = "$(TARGET_NAME)";
				SWIFT_EMIT_LOC_STRINGS = NO;
				SWIFT_VERSION = 5.0;
				TARGETED_DEVICE_FAMILY = "1,2";
			};
			name = Debug;
		};
		81C9AAAF2A41BF6A00470C41 /* Release */ = {
			isa = XCBuildConfiguration;
			buildSettings = {
				CODE_SIGN_STYLE = Automatic;
				CURRENT_PROJECT_VERSION = 1;
				GENERATE_INFOPLIST_FILE = YES;
				MARKETING_VERSION = 1.0;
				PRODUCT_BUNDLE_IDENTIFIER = practiceplayground.Framework3Tests;
				PRODUCT_NAME = "$(TARGET_NAME)";
				SWIFT_EMIT_LOC_STRINGS = NO;
				SWIFT_VERSION = 5.0;
				TARGETED_DEVICE_FAMILY = "1,2";
			};
			name = Release;
		};
/* End XCBuildConfiguration section */

/* Begin XCConfigurationList section */
		81C9AA902A41BF6A00470C41 /* Build configuration list for PBXProject "Framework3" */ = {
			isa = XCConfigurationList;
			buildConfigurations = (
				81C9AAA82A41BF6A00470C41 /* Debug */,
				81C9AAA92A41BF6A00470C41 /* Release */,
			);
			defaultConfigurationIsVisible = 0;
			defaultConfigurationName = Release;
		};
		81C9AAAA2A41BF6A00470C41 /* Build configuration list for PBXNativeTarget "Framework3" */ = {
			isa = XCConfigurationList;
			buildConfigurations = (
				81C9AAAB2A41BF6A00470C41 /* Debug */,
				81C9AAAC2A41BF6A00470C41 /* Release */,
			);
			defaultConfigurationIsVisible = 0;
			defaultConfigurationName = Release;
		};
		81C9AAAD2A41BF6A00470C41 /* Build configuration list for PBXNativeTarget "Framework3Tests" */ = {
			isa = XCConfigurationList;
			buildConfigurations = (
				81C9AAAE2A41BF6A00470C41 /* Debug */,
				81C9AAAF2A41BF6A00470C41 /* Release */,
			);
			defaultConfigurationIsVisible = 0;
			defaultConfigurationName = Release;
		};
/* End XCConfigurationList section */
	};
	rootObject = 81C9AA8D2A41BF6A00470C41 /* Project object */;
}
